{
  "nodes": {
    "flake-parts": {
      "inputs": {
        "nixpkgs-lib": [
          "nixpkgs-lib"
        ]
      },
      "locked": {
        "lastModified": 1763759067,
        "narHash": "sha256-LlLt2Jo/gMNYAwOgdRQBrsRoOz7BPRkzvNaI/fzXi2Q=",
        "type": "tarball",
        "url": "https://github.com/hercules-ci/flake-parts/archive/2cccadc.zip"
      },
      "original": {
        "type": "tarball",
        "url": "https://github.com/hercules-ci/flake-parts/archive/2cccadc.zip"
      }
    },
    "flake-utils": {
      "inputs": {
        "systems": [
          "nixpkgs"
        ]
      },
      "locked": {
        "lastModified": 1731533236,
        "narHash": "sha256-l0KFg5HjrsfsO/JpG+r7fRrqm12kzFHyUHqHCVpMMbI=",
        "type": "tarball",
        "url": "https://github.com/numtide/flake-utils/archive/11707dc.zip"
      },
      "original": {
        "type": "tarball",
        "url": "https://github.com/numtide/flake-utils/archive/11707dc.zip"
      }
    },
    "home-manager": {
      "inputs": {
        "nixpkgs": [
          "nixpkgs"
        ]
      },
      "locked": {
        "lastModified": 1765170903,
        "narHash": "sha256-O8VTGey1xxiRW+Fpb+Ps9zU7ShmxUA1a7cMTcENCVNg=",
        "type": "tarball",
        "url": "https://github.com/nix-community/home-manager/archive/20561be.zip"
      },
      "original": {
        "type": "tarball",
        "url": "https://github.com/nix-community/home-manager/archive/20561be.zip"
      }
    },
    "impermanence": {
      "locked": {
        "lastModified": 1737831083,
        "narHash": "sha256-LJggUHbpyeDvNagTUrdhe/pRVp4pnS6wVKALS782gRI=",
        "type": "tarball",
        "url": "https://github.com/nix-community/impermanence/archive/4b3e914.zip"
      },
      "original": {
        "type": "tarball",
        "url": "https://github.com/nix-community/impermanence/archive/4b3e914.zip"
      }
    },
    "infuse": {
      "flake": false,
      "locked": {
        "lastModified": 1738726976,
        "narHash": "sha256-N+u3vnK3zyXLUuDj/vr62r9tM7uarhKVCaLHWxjo/YY=",
        "ref": "refs/heads/trunk",
        "rev": "c8fb7397039215e1444c835e36a0da7dc3c743f8",
        "revCount": 48,
        "type": "git",
        "url": "https://codeberg.org/amjoseph/infuse.nix.git"
      },
      "original": {
        "type": "git",
        "url": "https://codeberg.org/amjoseph/infuse.nix.git"
      }
    },
    "nix-darwin": {
      "inputs": {
        "nixpkgs": [
          "nixpkgs"
        ]
      },
      "locked": {
        "lastModified": 1765066094,
        "narHash": "sha256-0YSU35gfRFJzx/lTGgOt6ubP8K6LeW0vaywzNNqxkl4=",
        "type": "tarball",
        "url": "https://github.com/nix-darwin/nix-darwin/archive/688427b.zip"
      },
      "original": {
        "type": "tarball",
        "url": "https://github.com/nix-darwin/nix-darwin/archive/688427b.zip"
      }
    },
    "nix-index-database": {
      "inputs": {
        "nixpkgs": [
          "nixpkgs"
        ]
      },
      "locked": {
        "lastModified": 1765080594,
        "narHash": "sha256-5t3d655GqLblE+p5xN5ntkeRfZBesN7vehOWcRcU88M=",
        "type": "tarball",
        "url": "https://github.com/nix-community/nix-index-database/archive/4194c58.zip"
      },
      "original": {
        "type": "tarball",
        "url": "https://github.com/nix-community/nix-index-database/archive/4194c58.zip"
      }
    },
    "nixos-generators": {
      "inputs": {
        "nixlib": [
          "nixpkgs-lib"
        ],
        "nixpkgs": [
          "nixpkgs"
        ]
      },
      "locked": {
        "lastModified": 1764234087,
        "narHash": "sha256-NHF7QWa0ZPT8hsJrvijREW3+nifmF2rTXgS2v0tpcEA=",
        "type": "tarball",
        "url": "https://github.com/nix-community/nixos-generators/archive/032a187.zip"
      },
      "original": {
        "type": "tarball",
        "url": "https://github.com/nix-community/nixos-generators/archive/032a187.zip"
      }
    },
    "nixpkgs": {
      "locked": {
        "lastModified": 1764983851,
        "narHash": "sha256-y7RPKl/jJ/KAP/VKLMghMgXTlvNIJMHKskl8/Uuar7o=",
        "ref": "nixos-25.11",
        "rev": "d9bc5c7dceb30d8d6fafa10aeb6aa8a48c218454",
        "shallow": true,
        "type": "git",
        "url": "https://mirrors.tuna.tsinghua.edu.cn/git/nixpkgs.git"
      },
      "original": {
        "ref": "nixos-25.11",
        "shallow": true,
        "type": "git",
        "url": "https://mirrors.tuna.tsinghua.edu.cn/git/nixpkgs.git"
      }
    },
    "nixpkgs-lib": {
      "locked": {
        "lastModified": 1765070080,
        "narHash": "sha256-5D1Mcm2dQ1aPzQ0sbXluHVUHququ8A7PKJd7M3eI9+E=",
        "type": "tarball",
        "url": "https://github.com/nix-community/nixpkgs.lib/archive/e0cad97.zip"
      },
      "original": {
        "type": "tarball",
        "url": "https://github.com/nix-community/nixpkgs.lib/archive/e0cad97.zip"
      }
    },
    "root": {
      "inputs": {
        "flake-parts": "flake-parts",
        "flake-utils": "flake-utils",
        "home-manager": "home-manager",
        "impermanence": "impermanence",
        "infuse": "infuse",
        "nix-darwin": "nix-darwin",
        "nix-index-database": "nix-index-database",
        "nixos-generators": "nixos-generators",
        "nixpkgs": "nixpkgs",
        "nixpkgs-lib": "nixpkgs-lib",
        "systems": "systems",
        "treefmt-nix": "treefmt-nix"
      }
    },
    "systems": {
      "flake": false,
      "locked": {
        "path": "./systems.nix",
        "type": "path"
      },
      "original": {
        "path": "./systems.nix",
        "type": "path"
      },
      "parent": []
    },
    "treefmt-nix": {
      "inputs": {
        "nixpkgs": [
          "nixpkgs"
        ]
      },
      "locked": {
        "lastModified": 1762938485,
        "narHash": "sha256-AlEObg0syDl+Spi4LsZIBrjw+snSVU4T8MOeuZJUJjM=",
        "type": "tarball",
        "url": "https://github.com/numtide/treefmt-nix/archive/5b4ee75.zip"
      },
      "original": {
        "type": "tarball",
        "url": "https://github.com/numtide/treefmt-nix/archive/5b4ee75.zip"
      }
    }
  },
  "root": "root",
  "version": 7
}
